// !$*UTF8*$!
{
	archiveVersion = 1;
	classes = {
	};
	objectVersion = 46;
	objects = {

/* Begin PBXBuildFile section */
		03289C8D1EF64A6800ECE01C /* main.swift in Sources */ = {isa = PBXBuildFile; fileRef = 03289C8C1EF64A6800ECE01C /* main.swift */; };
		03289C941EF64AC200ECE01C /* SimpleLinkedList.swift in Sources */ = {isa = PBXBuildFile; fileRef = 03289C931EF64AC200ECE01C /* SimpleLinkedList.swift */; };
		03289C961EF6C3DE00ECE01C /* DoublyLinkedList.swift in Sources */ = {isa = PBXBuildFile; fileRef = 03289C951EF6C3DE00ECE01C /* DoublyLinkedList.swift */; };
/* End PBXBuildFile section */

/* Begin PBXCopyFilesBuildPhase section */
		03289C871EF64A6800ECE01C /* CopyFiles */ = {
			isa = PBXCopyFilesBuildPhase;
			buildActionMask = 2147483647;
			dstPath = /usr/share/man/man1/;
			dstSubfolderSpec = 0;
			files = (
			);
			runOnlyForDeploymentPostprocessing = 1;
		};
/* End PBXCopyFilesBuildPhase section */

/* Begin PBXFileReference section */
		03289C891EF64A6800ECE01C /* LinkedListTest */ = {isa = PBXFileReference; explicitFileType = "compiled.mach-o.executable"; includeInIndex = 0; path = LinkedListTest; sourceTree = BUILT_PRODUCTS_DIR; };
		03289C8C1EF64A6800ECE01C /* main.swift */ = {isa = PBXFileReference; lastKnownFileType = sourcecode.swift; path = main.swift; sourceTree = "<group>"; };
		03289C931EF64AC200ECE01C /* SimpleLinkedList.swift */ = {isa = PBXFileReference; fileEncoding = 4; lastKnownFileType = sourcecode.swift; path = SimpleLinkedList.swift; sourceTree = "<group>"; };
		03289C951EF6C3DE00ECE01C /* DoublyLinkedList.swift */ = {isa = PBXFileReference; fileEncoding = 4; lastKnownFileType = sourcecode.swift; path = DoublyLinkedList.swift; sourceTree = "<group>"; };
/* End PBXFileReference section */

/* Begin PBXFrameworksBuildPhase section */
		03289C861EF64A6800ECE01C /* Frameworks */ = {
			isa = PBXFrameworksBuildPhase;
			buildActionMask = 2147483647;
			files = (
			);
			runOnlyForDeploymentPostprocessing = 0;
		};
/* End PBXFrameworksBuildPhase section */

/* Begin PBXGroup section */
		03289C801EF64A6800ECE01C = {
			isa = PBXGroup;
			children = (
				03289C8B1EF64A6800ECE01C /* LinkedListTest */,
				03289C8A1EF64A6800ECE01C /* Products */,
			);
			sourceTree = "<group>";
		};
		03289C8A1EF64A6800ECE01C /* Products */ = {
			isa = PBXGroup;
			children = (
				03289C891EF64A6800ECE01C /* LinkedListTest */,
			);
			name = Products;
			sourceTree = "<group>";
		};
		03289C8B1EF64A6800ECE01C /* LinkedListTest */ = {
			isa = PBXGroup;
			children = (
				03289C8C1EF64A6800ECE01C /* main.swift */,
				03289C931EF64AC200ECE01C /* SimpleLinkedList.swift */,
				03289C951EF6C3DE00ECE01C /* DoublyLinkedList.swift */,
			);
			path = LinkedListTest;
			sourceTree = "<group>";
		};
/* End PBXGroup section */

/* Begin PBXNativeTarget section */
		03289C881EF64A6800ECE01C /* LinkedListTest */ = {
			isa = PBXNativeTarget;
			buildConfigurationList = 03289C901EF64A6800ECE01C /* Build configuration list for PBXNativeTarget "LinkedListTest" */;
			buildPhases = (
				03289C851EF64A6800ECE01C /* Sources */,
				03289C861EF64A6800ECE01C /* Frameworks */,
				03289C871EF64A6800ECE01C /* CopyFiles */,
			);
			buildRules = (
			);
			dependencies = (
			);
			name = LinkedListTest;
			productName = LinkedListTest;
			productReference = 03289C891EF64A6800ECE01C /* LinkedListTest */;
			productType = "com.apple.product-type.tool";
		};
/* End PBXNativeTarget section */

/* Begin PBXProject section */
		03289C811EF64A6800ECE01C /* Project object */ = {
			isa = PBXProject;
			attributes = {
				LastSwiftUpdateCheck = 0830;
				LastUpgradeCheck = 0830;
				ORGANIZATIONNAME = baecheese;
				TargetAttributes = {
					03289C881EF64A6800ECE01C = {
						CreatedOnToolsVersion = 8.3.3;
						DevelopmentTeam = 3Z5E8777P2;
						ProvisioningStyle = Automatic;
					};
				};
			};
			buildConfigurationList = 03289C841EF64A6800ECE01C /* Build configuration list for PBXProject "LinkedListTest" */;
			compatibilityVersion = "Xcode 3.2";
			developmentRegion = English;
			hasScannedForEncodings = 0;
			knownRegions = (
				en,
			);
			mainGroup = 03289C801EF64A6800ECE01C;
			productRefGroup = 03289C8A1EF64A6800ECE01C /* Products */;
			projectDirPath = "";
			projectRoot = "";
			targets = (
				03289C881EF64A6800ECE01C /* LinkedListTest */,
			);
		};
/* End PBXProject section */

/* Begin PBXSourcesBuildPhase section */
		03289C851EF64A6800ECE01C /* Sources */ = {
			isa = PBXSourcesBuildPhase;
			buildActionMask = 2147483647;
			files = (
				03289C941EF64AC200ECE01C /* SimpleLinkedList.swift in Sources */,
				03289C961EF6C3DE00ECE01C /* DoublyLinkedList.swift in Sources */,
				03289C8D1EF64A6800ECE01C /* main.swift in Sources */,
			);
			runOnlyForDeploymentPostprocessing = 0;
		};
/* End PBXSourcesBuildPhase section */

/* Begin XCBuildConfiguration section */
		03289C8E1EF64A6800ECE01C /* Debug */ = {
			isa = XCBuildConfiguration;
			buildSettings = {
				ALWAYS_SEARCH_USER_PATHS = NO;
				CLANG_ANALYZER_NONNULL = YES;
				CLANG_ANALYZER_NUMBER_OBJECT_CONVERSION = YES_AGGRESSIVE;
				CLANG_CXX_LANGUAGE_STANDARD = "gnu++0x";
				CLANG_CXX_LIBRARY = "libc++";
				CLANG_ENABLE_MODULES = YES;
				CLANG_ENABLE_OBJC_ARC = YES;
				CLANG_WARN_BOOL_CONVERSION = YES;
				CLANG_WARN_CONSTANT_CONVERSION = YES;
				CLANG_WARN_DIRECT_OBJC_ISA_USAGE = YES_ERROR;
				CLANG_WARN_DOCUMENTATION_COMMENTS = YES;
				CLANG_WARN_EMPTY_BODY = YES;
				CLANG_WARN_ENUM_CONVERSION = YES;
				CLANG_WARN_INFINITE_RECURSION = YES;
				CLANG_WARN_INT_CONVERSION = YES;
				CLANG_WARN_OBJC_ROOT_CLASS = YES_ERROR;
				CLANG_WARN_SUSPICIOUS_MOVE = YES;
				CLANG_WARN_UNREACHABLE_CODE = YES;
				CLANG_WARN__DUPLICATE_METHOD_MATCH = YES;
				CODE_SIGN_IDENTITY = "-";
				COPY_PHASE_STRIP = NO;
				DEBUG_INFORMATION_FORMAT = dwarf;
				ENABLE_STRICT_OBJC_MSGSEND = YES;
				ENABLE_TESTABILITY = YES;
				GCC_C_LANGUAGE_STANDARD = gnu99;
				GCC_DYNAMIC_NO_PIC = NO;
				GCC_NO_COMMON_BLOCKS = YES;
				GCC_OPTIMIZATION_LEVEL = 0;
				GCC_PREPROCESSOR_DEFINITIONS = (
					"DEBUG=1",
					"$(inherited)",
				);
				GCC_WARN_64_TO_32_BIT_CONVERSION = YES;
				GCC_WARN_ABOUT_RETURN_TYPE = YES_ERROR;
				GCC_WARN_UNDECLARED_SELECTOR = YES;
				GCC_WARN_UNINITIALIZED_AUTOS = YES_AGGRESSIVE;
				GCC_WARN_UNUSED_FUNCTION = YES;
				GCC_WARN_UNUSED_VARIABLE = YES;
				MACOSX_DEPLOYMENT_TARGET = 10.12;
				MTL_ENABLE_DEBUG_INFO = YES;
				ONLY_ACTIVE_ARCH = YES;
				SDKROOT = macosx;
				SWIFT_OPTIMIZATION_LEVEL = "-Onone";
			};
			name = Debug;
		};
		03289C8F1EF64A6800ECE01C /* Release */ = {
			isa = XCBuildConfiguration;
			buildSettings = {
				ALWAYS_SEARCH_USER_PATHS = NO;
				CLANG_ANALYZER_NONNULL = YES;
				CLANG_ANALYZER_NUMBER_OBJECT_CONVERSION = YES_AGGRESSIVE;
				CLANG_CXX_LANGUAGE_STANDARD = "gnu++0x";
				CLANG_CXX_LIBRARY = "libc++";
				CLANG_ENABLE_MODULES = YES;
				CLANG_ENABLE_OBJC_ARC = YES;
				CLANG_WARN_BOOL_CONVERSION = YES;
				CLANG_WARN_CONSTANT_CONVERSION = YES;
				CLANG_WARN_DIRECT_OBJC_ISA_USAGE = YES_ERROR;
				CLANG_WARN_DOCUMENTATION_COMMENTS = YES;
				CLANG_WARN_EMPTY_BODY = YES;
				CLANG_WARN_ENUM_CONVERSION = YES;
				CLANG_WARN_INFINITE_RECURSION = YES;
				CLANG_WARN_INT_CONVERSION = YES;
				CLANG_WARN_OBJC_ROOT_CLASS = YES_ERROR;
				CLANG_WARN_SUSPICIOUS_MOVE = YES;
				CLANG_WARN_UNREACHABLE_CODE = YES;
				CLANG_WARN__DUPLICATE_METHOD_MATCH = YES;
				CODE_SIGN_IDENTITY = "-";
				COPY_PHASE_STRIP = NO;
				DEBUG_INFORMATION_FORMAT = "dwarf-with-dsym";
				ENABLE_NS_ASSERTIONS = NO;
				ENABLE_STRICT_OBJC_MSGSEND = YES;
				GCC_C_LANGUAGE_STANDARD = gnu99;
				GCC_NO_COMMON_BLOCKS = YES;
				GCC_WARN_64_TO_32_BIT_CONVERSION = YES;
				GCC_WARN_ABOUT_RETURN_TYPE = YES_ERROR;
				GCC_WARN_UNDECLARED_SELECTOR = YES;
				GCC_WARN_UNINITIALIZED_AUTOS = YES_AGGRESSIVE;
				GCC_WARN_UNUSED_FUNCTION = YES;
				GCC_WARN_UNUSED_VARIABLE = YES;
				MACOSX_DEPLOYMENT_TARGET = 10.12;
				MTL_ENABLE_DEBUG_INFO = NO;
				SDKROOT = macosx;
			};
			name = Release;
		};
		03289C911EF64A6800ECE01C /* Debug */ = {
			isa = XCBuildConfiguration;
			buildSettings = {
				DEVELOPMENT_TEAM = 3Z5E8777P2;
				PRODUCT_NAME = "$(TARGET_NAME)";
				SWIFT_VERSION = 3.0;
			};
			name = Debug;
		};
		03289C921EF64A6800ECE01C /* Release */ = {
			isa = XCBuildConfiguration;
			buildSettings = {
				DEVELOPMENT_TEAM = 3Z5E8777P2;
				PRODUCT_NAME = "$(TARGET_NAME)";
				SWIFT_VERSION = 3.0;
			};
			name = Release;
		};
/* End XCBuildConfiguration section */

/* Begin XCConfigurationList section */
		03289C841EF64A6800ECE01C /* Build configuration list for PBXProject "LinkedListTest" */ = {
			isa = XCConfigurationList;
			buildConfigurations = (
				03289C8E1EF64A6800ECE01C /* Debug */,
				03289C8F1EF64A6800ECE01C /* Release */,
			);
			defaultConfigurationIsVisible = 0;
			defaultConfigurationName = Release;
		};
		03289C901EF64A6800ECE01C /* Build configuration list for PBXNativeTarget "LinkedListTest" */ = {
			isa = XCConfigurationList;
			buildConfigurations = (
				03289C911EF64A6800ECE01C /* Debug */,
				03289C921EF64A6800ECE01C /* Release */,
			);
			defaultConfigurationIsVisible = 0;
		};
/* End XCConfigurationList section */
	};
	rootObject = 03289C811EF64A6800ECE01C /* Project object */;
}
